
Microsoft Visual Studio Solution File, Format Version 12.00
# Visual Studio Version 17
VisualStudioVersion = 17.11.35327.3
MinimumVisualStudioVersion = 10.0.40219.1
Project("{FAE04EC0-301F-11D3-BF4B-00C04F79EFBC}") = "Pizza V1", "Pizza V1.csproj", "{07BF4523-5390-498D-9AAA-3686385EF088}"
EndProject
Global
	GlobalSection(SolutionConfigurationPlatforms) = preSolution
		Debug|Any CPU = Debug|Any CPU
		Release|Any CPU = Release|Any CPU
	EndGlobalSection
	GlobalSection(ProjectConfigurationPlatforms) = postSolution
		{07BF4523-5390-498D-9AAA-3686385EF088}.Debug|Any CPU.ActiveCfg = Debug|Any CPU
		{07BF4523-5390-498D-9AAA-3686385EF088}.Debug|Any CPU.Build.0 = Debug|Any CPU
		{07BF4523-5390-498D-9AAA-3686385EF088}.Release|Any CPU.ActiveCfg = Release|Any CPU
		{07BF4523-5390-498D-9AAA-3686385EF088}.Release|Any CPU.Build.0 = Release|Any CPU
	EndGlobalSection
	GlobalSection(SolutionProperties) = preSolution
		HideSolutionNode = FALSE
	EndGlobalSection
	GlobalSection(ExtensibilityGlobals) = postSolution
		SolutionGuid = {E7F800CC-27AE-4E88-9E6E-1075CA85F43D}
	EndGlobalSection
EndGlobal
